// !$*UTF8*$!
{
	archiveVersion = 1;
	classes = {
	};
	objectVersion = 46;
	objects = {

/* Begin PBXBuildFile section */
		10AFEC421D5B15630010B311 /* main.m in Sources */ = {isa = PBXBuildFile; fileRef = 10AFEC411D5B15630010B311 /* main.m */; };
		10AFEC451D5B15630010B311 /* AppDelegate.m in Sources */ = {isa = PBXBuildFile; fileRef = 10AFEC441D5B15630010B311 /* AppDelegate.m */; };
		10AFEC481D5B15630010B311 /* ViewController.m in Sources */ = {isa = PBXBuildFile; fileRef = 10AFEC471D5B15630010B311 /* ViewController.m */; };
		10AFEC4B1D5B15630010B311 /* Main.storyboard in Resources */ = {isa = PBXBuildFile; fileRef = 10AFEC491D5B15630010B311 /* Main.storyboard */; };
		10AFEC4D1D5B15630010B311 /* Assets.xcassets in Resources */ = {isa = PBXBuildFile; fileRef = 10AFEC4C1D5B15630010B311 /* Assets.xcassets */; };
		10AFEC501D5B15630010B311 /* LaunchScreen.storyboard in Resources */ = {isa = PBXBuildFile; fileRef = 10AFEC4E1D5B15630010B311 /* LaunchScreen.storyboard */; };
		10AFEC591D5B158B0010B311 /* SpeakerView.m in Sources */ = {isa = PBXBuildFile; fileRef = 10AFEC581D5B158B0010B311 /* SpeakerView.m */; };
/* End PBXBuildFile section */

/* Begin PBXFileReference section */
		10AFEC3D1D5B15630010B311 /* voiceSpeaker.app */ = {isa = PBXFileReference; explicitFileType = wrapper.application; includeInIndex = 0; path = voiceSpeaker.app; sourceTree = BUILT_PRODUCTS_DIR; };
		10AFEC411D5B15630010B311 /* main.m */ = {isa = PBXFileReference; lastKnownFileType = sourcecode.c.objc; path = main.m; sourceTree = "<group>"; };
		10AFEC431D5B15630010B311 /* AppDelegate.h */ = {isa = PBXFileReference; lastKnownFileType = sourcecode.c.h; path = AppDelegate.h; sourceTree = "<group>"; };
		10AFEC441D5B15630010B311 /* AppDelegate.m */ = {isa = PBXFileReference; lastKnownFileType = sourcecode.c.objc; path = AppDelegate.m; sourceTree = "<group>"; };
		10AFEC461D5B15630010B311 /* ViewController.h */ = {isa = PBXFileReference; lastKnownFileType = sourcecode.c.h; path = ViewController.h; sourceTree = "<group>"; };
		10AFEC471D5B15630010B311 /* ViewController.m */ = {isa = PBXFileReference; lastKnownFileType = sourcecode.c.objc; path = ViewController.m; sourceTree = "<group>"; };
		10AFEC4A1D5B15630010B311 /* Base */ = {isa = PBXFileReference; lastKnownFileType = file.storyboard; name = Base; path = Base.lproj/Main.storyboard; sourceTree = "<group>"; };
		10AFEC4C1D5B15630010B311 /* Assets.xcassets */ = {isa = PBXFileReference; lastKnownFileType = folder.assetcatalog; path = Assets.xcassets; sourceTree = "<group>"; };
		10AFEC4F1D5B15630010B311 /* Base */ = {isa = PBXFileReference; lastKnownFileType = file.storyboard; name = Base; path = Base.lproj/LaunchScreen.storyboard; sourceTree = "<group>"; };
		10AFEC511D5B15630010B311 /* Info.plist */ = {isa = PBXFileReference; lastKnownFileType = text.plist.xml; path = Info.plist; sourceTree = "<group>"; };
		10AFEC571D5B158B0010B311 /* SpeakerView.h */ = {isa = PBXFileReference; fileEncoding = 4; lastKnownFileType = sourcecode.c.h; path = SpeakerView.h; sourceTree = "<group>"; };
		10AFEC581D5B158B0010B311 /* SpeakerView.m */ = {isa = PBXFileReference; fileEncoding = 4; lastKnownFileType = sourcecode.c.objc; path = SpeakerView.m; sourceTree = "<group>"; };
/* End PBXFileReference section */

/* Begin PBXFrameworksBuildPhase section */
		10AFEC3A1D5B15630010B311 /* Frameworks */ = {
			isa = PBXFrameworksBuildPhase;
			buildActionMask = 2147483647;
			files = (
			);
			runOnlyForDeploymentPostprocessing = 0;
		};
/* End PBXFrameworksBuildPhase section */

/* Begin PBXGroup section */
		10AFEC341D5B15630010B311 = {
			isa = PBXGroup;
			children = (
				10AFEC3F1D5B15630010B311 /* voiceSpeaker */,
				10AFEC3E1D5B15630010B311 /* Products */,
			);
			sourceTree = "<group>";
		};
		10AFEC3E1D5B15630010B311 /* Products */ = {
			isa = PBXGroup;
			children = (
				10AFEC3D1D5B15630010B311 /* voiceSpeaker.app */,
			);
			name = Products;
			sourceTree = "<group>";
		};
		10AFEC3F1D5B15630010B311 /* voiceSpeaker */ = {
			isa = PBXGroup;
			children = (
				10AFEC5B1D5B26780010B311 /* SpeakView */,
				10AFEC431D5B15630010B311 /* AppDelegate.h */,
				10AFEC441D5B15630010B311 /* AppDelegate.m */,
				10AFEC461D5B15630010B311 /* ViewController.h */,
				10AFEC471D5B15630010B311 /* ViewController.m */,
				10AFEC491D5B15630010B311 /* Main.storyboard */,
				10AFEC4C1D5B15630010B311 /* Assets.xcassets */,
				10AFEC4E1D5B15630010B311 /* LaunchScreen.storyboard */,
				10AFEC511D5B15630010B311 /* Info.plist */,
				10AFEC401D5B15630010B311 /* Supporting Files */,
			);
			path = voiceSpeaker;
			sourceTree = "<group>";
		};
		10AFEC401D5B15630010B311 /* Supporting Files */ = {
			isa = PBXGroup;
			children = (
				10AFEC411D5B15630010B311 /* main.m */,
			);
			name = "Supporting Files";
			sourceTree = "<group>";
		};
		10AFEC5B1D5B26780010B311 /* SpeakView */ = {
			isa = PBXGroup;
			children = (
				10AFEC571D5B158B0010B311 /* SpeakerView.h */,
				10AFEC581D5B158B0010B311 /* SpeakerView.m */,
			);
			name = SpeakView;
			sourceTree = "<group>";
		};
/* End PBXGroup section */

/* Begin PBXNativeTarget section */
		10AFEC3C1D5B15630010B311 /* voiceSpeaker */ = {
			isa = PBXNativeTarget;
			buildConfigurationList = 10AFEC541D5B15630010B311 /* Build configuration list for PBXNativeTarget "voiceSpeaker" */;
			buildPhases = (
				10AFEC391D5B15630010B311 /* Sources */,
				10AFEC3A1D5B15630010B311 /* Frameworks */,
				10AFEC3B1D5B15630010B311 /* Resources */,
			);
			buildRules = (
			);
			dependencies = (
			);
			name = voiceSpeaker;
			productName = voiceSpeaker;
			productReference = 10AFEC3D1D5B15630010B311 /* voiceSpeaker.app */;
			productType = "com.apple.product-type.application";
		};
/* End PBXNativeTarget section */

/* Begin PBXProject section */
		10AFEC351D5B15630010B311 /* Project object */ = {
			isa = PBXProject;
			attributes = {
				LastUpgradeCheck = 0720;
				ORGANIZATIONNAME = mit;
				TargetAttributes = {
					10AFEC3C1D5B15630010B311 = {
						CreatedOnToolsVersion = 7.2;
					};
				};
			};
			buildConfigurationList = 10AFEC381D5B15630010B311 /* Build configuration list for PBXProject "voiceSpeaker" */;
			compatibilityVersion = "Xcode 3.2";
			developmentRegion = English;
			hasScannedForEncodings = 0;
			knownRegions = (
				en,
				Base,
			);
			mainGroup = 10AFEC341D5B15630010B311;
			productRefGroup = 10AFEC3E1D5B15630010B311 /* Products */;
			projectDirPath = "";
			projectRoot = "";
			targets = (
				10AFEC3C1D5B15630010B311 /* voiceSpeaker */,
			);
		};
/* End PBXProject section */

/* Begin PBXResourcesBuildPhase section */
		10AFEC3B1D5B15630010B311 /* Resources */ = {
			isa = PBXResourcesBuildPhase;
			buildActionMask = 2147483647;
			files = (
				10AFEC501D5B15630010B311 /* LaunchScreen.storyboard in Resources */,
				10AFEC4D1D5B15630010B311 /* Assets.xcassets in Resources */,
				10AFEC4B1D5B15630010B311 /* Main.storyboard in Resources */,
			);
			runOnlyForDeploymentPostprocessing = 0;
		};
/* End PBXResourcesBuildPhase section */

/* Begin PBXSourcesBuildPhase section */
		10AFEC391D5B15630010B311 /* Sources */ = {
			isa = PBXSourcesBuildPhase;
			buildActionMask = 2147483647;
			files = (
				10AFEC481D5B15630010B311 /* ViewController.m in Sources */,
				10AFEC451D5B15630010B311 /* AppDelegate.m in Sources */,
				10AFEC591D5B158B0010B311 /* SpeakerView.m in Sources */,
				10AFEC421D5B15630010B311 /* main.m in Sources */,
			);
			runOnlyForDeploymentPostprocessing = 0;
		};
/* End PBXSourcesBuildPhase section */

/* Begin PBXVariantGroup section */
		10AFEC491D5B15630010B311 /* Main.storyboard */ = {
			isa = PBXVariantGroup;
			children = (
				10AFEC4A1D5B15630010B311 /* Base */,
			);
			name = Main.storyboard;
			sourceTree = "<group>";
		};
		10AFEC4E1D5B15630010B311 /* LaunchScreen.storyboard */ = {
			isa = PBXVariantGroup;
			children = (
				10AFEC4F1D5B15630010B311 /* Base */,
			);
			name = LaunchScreen.storyboard;
			sourceTree = "<group>";
		};
/* End PBXVariantGroup section */

/* Begin XCBuildConfiguration section */
		10AFEC521D5B15630010B311 /* Debug */ = {
			isa = XCBuildConfiguration;
			buildSettings = {
				ALWAYS_SEARCH_USER_PATHS = NO;
				CLANG_CXX_LANGUAGE_STANDARD = "gnu++0x";
				CLANG_CXX_LIBRARY = "libc++";
				CLANG_ENABLE_MODULES = YES;
				CLANG_ENABLE_OBJC_ARC = YES;
				CLANG_WARN_BOOL_CONVERSION = YES;
				CLANG_WARN_CONSTANT_CONVERSION = YES;
				CLANG_WARN_DIRECT_OBJC_ISA_USAGE = YES_ERROR;
				CLANG_WARN_EMPTY_BODY = YES;
				CLANG_WARN_ENUM_CONVERSION = YES;
				CLANG_WARN_INT_CONVERSION = YES;
				CLANG_WARN_OBJC_ROOT_CLASS = YES_ERROR;
				CLANG_WARN_UNREACHABLE_CODE = YES;
				CLANG_WARN__DUPLICATE_METHOD_MATCH = YES;
				"CODE_SIGN_IDENTITY[sdk=iphoneos*]" = "iPhone Developer";
				COPY_PHASE_STRIP = NO;
				DEBUG_INFORMATION_FORMAT = dwarf;
				ENABLE_STRICT_OBJC_MSGSEND = YES;
				ENABLE_TESTABILITY = YES;
				GCC_C_LANGUAGE_STANDARD = gnu99;
				GCC_DYNAMIC_NO_PIC = NO;
				GCC_NO_COMMON_BLOCKS = YES;
				GCC_OPTIMIZATION_LEVEL = 0;
				GCC_PREPROCESSOR_DEFINITIONS = (
					"DEBUG=1",
					"$(inherited)",
				);
				GCC_WARN_64_TO_32_BIT_CONVERSION = YES;
				GCC_WARN_ABOUT_RETURN_TYPE = YES_ERROR;
				GCC_WARN_UNDECLARED_SELECTOR = YES;
				GCC_WARN_UNINITIALIZED_AUTOS = YES_AGGRESSIVE;
				GCC_WARN_UNUSED_FUNCTION = YES;
				GCC_WARN_UNUSED_VARIABLE = YES;
				IPHONEOS_DEPLOYMENT_TARGET = 9.2;
				MTL_ENABLE_DEBUG_INFO = YES;
				ONLY_ACTIVE_ARCH = YES;
				SDKROOT = iphoneos;
				TARGETED_DEVICE_FAMILY = "1,2";
			};
			name = Debug;
		};
		10AFEC531D5B15630010B311 /* Release */ = {
			isa = XCBuildConfiguration;
			buildSettings = {
				ALWAYS_SEARCH_USER_PATHS = NO;
				CLANG_CXX_LANGUAGE_STANDARD = "gnu++0x";
				CLANG_CXX_LIBRARY = "libc++";
				CLANG_ENABLE_MODULES = YES;
				CLANG_ENABLE_OBJC_ARC = YES;
				CLANG_WARN_BOOL_CONVERSION = YES;
				CLANG_WARN_CONSTANT_CONVERSION = YES;
				CLANG_WARN_DIRECT_OBJC_ISA_USAGE = YES_ERROR;
				CLANG_WARN_EMPTY_BODY = YES;
				CLANG_WARN_ENUM_CONVERSION = YES;
				CLANG_WARN_INT_CONVERSION = YES;
				CLANG_WARN_OBJC_ROOT_CLASS = YES_ERROR;
				CLANG_WARN_UNREACHABLE_CODE = YES;
				CLANG_WARN__DUPLICATE_METHOD_MATCH = YES;
				"CODE_SIGN_IDENTITY[sdk=iphoneos*]" = "iPhone Developer";
				COPY_PHASE_STRIP = NO;
				DEBUG_INFORMATION_FORMAT = "dwarf-with-dsym";
				ENABLE_NS_ASSERTIONS = NO;
				ENABLE_STRICT_OBJC_MSGSEND = YES;
				GCC_C_LANGUAGE_STANDARD = gnu99;
				GCC_NO_COMMON_BLOCKS = YES;
				GCC_WARN_64_TO_32_BIT_CONVERSION = YES;
				GCC_WARN_ABOUT_RETURN_TYPE = YES_ERROR;
				GCC_WARN_UNDECLARED_SELECTOR = YES;
				GCC_WARN_UNINITIALIZED_AUTOS = YES_AGGRESSIVE;
				GCC_WARN_UNUSED_FUNCTION = YES;
				GCC_WARN_UNUSED_VARIABLE = YES;
				IPHONEOS_DEPLOYMENT_TARGET = 9.2;
				MTL_ENABLE_DEBUG_INFO = NO;
				SDKROOT = iphoneos;
				TARGETED_DEVICE_FAMILY = "1,2";
				VALIDATE_PRODUCT = YES;
			};
			name = Release;
		};
		10AFEC551D5B15630010B311 /* Debug */ = {
			isa = XCBuildConfiguration;
			buildSettings = {
				ASSETCATALOG_COMPILER_APPICON_NAME = AppIcon;
				INFOPLIST_FILE = voiceSpeaker/Info.plist;
				LD_RUNPATH_SEARCH_PATHS = "$(inherited) @executable_path/Frameworks";
				PRODUCT_BUNDLE_IDENTIFIER = com.mit.voiceSpeaker;
				PRODUCT_NAME = "$(TARGET_NAME)";
			};
			name = Debug;
		};
		10AFEC561D5B15630010B311 /* Release */ = {
			isa = XCBuildConfiguration;
			buildSettings = {
				ASSETCATALOG_COMPILER_APPICON_NAME = AppIcon;
				INFOPLIST_FILE = voiceSpeaker/Info.plist;
				LD_RUNPATH_SEARCH_PATHS = "$(inherited) @executable_path/Frameworks";
				PRODUCT_BUNDLE_IDENTIFIER = com.mit.voiceSpeaker;
				PRODUCT_NAME = "$(TARGET_NAME)";
			};
			name = Release;
		};
/* End XCBuildConfiguration section */

/* Begin XCConfigurationList section */
		10AFEC381D5B15630010B311 /* Build configuration list for PBXProject "voiceSpeaker" */ = {
			isa = XCConfigurationList;
			buildConfigurations = (
				10AFEC521D5B15630010B311 /* Debug */,
				10AFEC531D5B15630010B311 /* Release */,
			);
			defaultConfigurationIsVisible = 0;
			defaultConfigurationName = Release;
		};
		10AFEC541D5B15630010B311 /* Build configuration list for PBXNativeTarget "voiceSpeaker" */ = {
			isa = XCConfigurationList;
			buildConfigurations = (
				10AFEC551D5B15630010B311 /* Debug */,
				10AFEC561D5B15630010B311 /* Release */,
			);
			defaultConfigurationIsVisible = 0;
			defaultConfigurationName = Release;
		};
/* End XCConfigurationList section */
	};
	rootObject = 10AFEC351D5B15630010B311 /* Project object */;
}
